
Microsoft Visual Studio Solution File, Format Version 12.00
# Visual Studio Version 17
VisualStudioVersion = 17.4.33213.308
MinimumVisualStudioVersion = 10.0.40219.1
Project("{FAE04EC0-301F-11D3-BF4B-00C04F79EFBC}") = "haromszogekCLI", "haromszogekCLI\haromszogekCLI.csproj", "{222DCDBC-D8B8-4138-B702-CC3C0FA932BC}"
EndProject
Project("{FAE04EC0-301F-11D3-BF4B-00C04F79EFBC}") = "haromszogekCLITests", "haromszogekCLITests\haromszogekCLITests.csproj", "{43A50EBC-13DD-4C00-B490-D2678C7E8B53}"
EndProject
Global
	GlobalSection(SolutionConfigurationPlatforms) = preSolution
		Debug|Any CPU = Debug|Any CPU
		Release|Any CPU = Release|Any CPU
	EndGlobalSection
	GlobalSection(ProjectConfigurationPlatforms) = postSolution
		{222DCDBC-D8B8-4138-B702-CC3C0FA932BC}.Debug|Any CPU.ActiveCfg = Debug|Any CPU
		{222DCDBC-D8B8-4138-B702-CC3C0FA932BC}.Debug|Any CPU.Build.0 = Debug|Any CPU
		{222DCDBC-D8B8-4138-B702-CC3C0FA932BC}.Release|Any CPU.ActiveCfg = Release|Any CPU
		{222DCDBC-D8B8-4138-B702-CC3C0FA932BC}.Release|Any CPU.Build.0 = Release|Any CPU
		{43A50EBC-13DD-4C00-B490-D2678C7E8B53}.Debug|Any CPU.ActiveCfg = Debug|Any CPU
		{43A50EBC-13DD-4C00-B490-D2678C7E8B53}.Debug|Any CPU.Build.0 = Debug|Any CPU
		{43A50EBC-13DD-4C00-B490-D2678C7E8B53}.Release|Any CPU.ActiveCfg = Release|Any CPU
		{43A50EBC-13DD-4C00-B490-D2678C7E8B53}.Release|Any CPU.Build.0 = Release|Any CPU
	EndGlobalSection
	GlobalSection(SolutionProperties) = preSolution
		HideSolutionNode = FALSE
	EndGlobalSection
	GlobalSection(ExtensibilityGlobals) = postSolution
		SolutionGuid = {7E1830AF-6007-4787-AD78-33E2E609019B}
	EndGlobalSection
EndGlobal
